
Microsoft Visual Studio Solution File, Format Version 12.00
# Visual Studio Version 17
VisualStudioVersion = 17.13.35919.96 d17.13
MinimumVisualStudioVersion = 10.0.40219.1
Project("{FAE04EC0-301F-11D3-BF4B-00C04F79EFBC}") = "EmployeeManagementModuleAPI", "EmployeeManagementModuleAPI\EmployeeManagementModuleAPI.csproj", "{23B532BB-E1EA-4A76-9B94-36D8BB066864}"
EndProject
Global
	GlobalSection(SolutionConfigurationPlatforms) = preSolution
		Debug|Any CPU = Debug|Any CPU
		Release|Any CPU = Release|Any CPU
	EndGlobalSection
	GlobalSection(ProjectConfigurationPlatforms) = postSolution
		{23B532BB-E1EA-4A76-9B94-36D8BB066864}.Debug|Any CPU.ActiveCfg = Debug|Any CPU
		{23B532BB-E1EA-4A76-9B94-36D8BB066864}.Debug|Any CPU.Build.0 = Debug|Any CPU
		{23B532BB-E1EA-4A76-9B94-36D8BB066864}.Release|Any CPU.ActiveCfg = Release|Any CPU
		{23B532BB-E1EA-4A76-9B94-36D8BB066864}.Release|Any CPU.Build.0 = Release|Any CPU
	EndGlobalSection
	GlobalSection(SolutionProperties) = preSolution
		HideSolutionNode = FALSE
	EndGlobalSection
	GlobalSection(ExtensibilityGlobals) = postSolution
		SolutionGuid = {6106BC6C-2888-4B21-B6FB-98D6EE989BBD}
	EndGlobalSection
EndGlobal
